
Microsoft Visual Studio Solution File, Format Version 12.00
# Visual Studio Version 17
VisualStudioVersion = 17.6.33815.320
MinimumVisualStudioVersion = 10.0.40219.1
Project("{FAE04EC0-301F-11D3-BF4B-00C04F79EFBC}") = "FeedReader", "FeedReader.csproj", "{BF9DC9D0-CE54-4E75-B0EB-F972F172352E}"
EndProject
Global
	GlobalSection(SolutionConfigurationPlatforms) = preSolution
		Debug|Any CPU = Debug|Any CPU
		Release|Any CPU = Release|Any CPU
	EndGlobalSection
	GlobalSection(ProjectConfigurationPlatforms) = postSolution
		{BF9DC9D0-CE54-4E75-B0EB-F972F172352E}.Debug|Any CPU.ActiveCfg = Debug|Any CPU
		{BF9DC9D0-CE54-4E75-B0EB-F972F172352E}.Debug|Any CPU.Build.0 = Debug|Any CPU
		{BF9DC9D0-CE54-4E75-B0EB-F972F172352E}.Release|Any CPU.ActiveCfg = Release|Any CPU
		{BF9DC9D0-CE54-4E75-B0EB-F972F172352E}.Release|Any CPU.Build.0 = Release|Any CPU
	EndGlobalSection
	GlobalSection(SolutionProperties) = preSolution
		HideSolutionNode = FALSE
	EndGlobalSection
	GlobalSection(ExtensibilityGlobals) = postSolution
		SolutionGuid = {418536D0-F766-4F07-AF2C-C8C560165ADF}
	EndGlobalSection
EndGlobal
